
Microsoft Visual Studio Solution File, Format Version 12.00
# Visual Studio 14
VisualStudioVersion = 14.0.25420.1
MinimumVisualStudioVersion = 10.0.40219.1
Project("{FAE04EC0-301F-11D3-BF4B-00C04F79EFBC}") = "YKWP.Droid", "YKWP\YKWP.Droid\YKWP.Droid.csproj", "{465E1C07-FB71-480B-9E7F-9190F8ECB425}"
EndProject
Project("{FAE04EC0-301F-11D3-BF4B-00C04F79EFBC}") = "YKWP.iOS", "YKWP\YKWP.iOS\YKWP.iOS.csproj", "{661F740A-EF00-4A53-8633-8622ACCDF9F9}"
EndProject
Project("{FAE04EC0-301F-11D3-BF4B-00C04F79EFBC}") = "YKWP.WinPhone", "YKWP\YKWP.WinPhone\YKWP.WinPhone.csproj", "{80D60425-7F85-4626-9A94-D882EC0C4D3F}"
EndProject
Project("{FAE04EC0-301F-11D3-BF4B-00C04F79EFBC}") = "YKWP.UWP", "YKWP\YKWP.UWP\YKWP.UWP.csproj", "{40542A24-E25E-4905-8519-AC6DB16E1BBA}"
EndProject
Project("{FAE04EC0-301F-11D3-BF4B-00C04F79EFBC}") = "YKWP.Windows", "YKWP\YKWP.Windows\YKWP.Windows.csproj", "{0AB8C03D-1FDD-42AA-BE43-FC961A57C31E}"
EndProject
Project("{FAE04EC0-301F-11D3-BF4B-00C04F79EFBC}") = "YKWP", "YKWP\YKWP\YKWP.csproj", "{2D47069F-9FCE-4710-BEF4-EA69839509CB}"
EndProject
Global
	GlobalSection(SolutionConfigurationPlatforms) = preSolution
		Ad-Hoc|Any CPU = Ad-Hoc|Any CPU
		Ad-Hoc|ARM = Ad-Hoc|ARM
		Ad-Hoc|iPhone = Ad-Hoc|iPhone
		Ad-Hoc|iPhoneSimulator = Ad-Hoc|iPhoneSimulator
		Ad-Hoc|x64 = Ad-Hoc|x64
		Ad-Hoc|x86 = Ad-Hoc|x86
		AppStore|Any CPU = AppStore|Any CPU
		AppStore|ARM = AppStore|ARM
		AppStore|iPhone = AppStore|iPhone
		AppStore|iPhoneSimulator = AppStore|iPhoneSimulator
		AppStore|x64 = AppStore|x64
		AppStore|x86 = AppStore|x86
		Debug|Any CPU = Debug|Any CPU
		Debug|ARM = Debug|ARM
		Debug|iPhone = Debug|iPhone
		Debug|iPhoneSimulator = Debug|iPhoneSimulator
		Debug|x64 = Debug|x64
		Debug|x86 = Debug|x86
		Release|Any CPU = Release|Any CPU
		Release|ARM = Release|ARM
		Release|iPhone = Release|iPhone
		Release|iPhoneSimulator = Release|iPhoneSimulator
		Release|x64 = Release|x64
		Release|x86 = Release|x86
	EndGlobalSection
	GlobalSection(ProjectConfigurationPlatforms) = postSolution
		{465E1C07-FB71-480B-9E7F-9190F8ECB425}.Ad-Hoc|Any CPU.ActiveCfg = Release|Any CPU
		{465E1C07-FB71-480B-9E7F-9190F8ECB425}.Ad-Hoc|Any CPU.Build.0 = Release|Any CPU
		{465E1C07-FB71-480B-9E7F-9190F8ECB425}.Ad-Hoc|Any CPU.Deploy.0 = Release|Any CPU
		{465E1C07-FB71-480B-9E7F-9190F8ECB425}.Ad-Hoc|ARM.ActiveCfg = Release|Any CPU
		{465E1C07-FB71-480B-9E7F-9190F8ECB425}.Ad-Hoc|ARM.Build.0 = Release|Any CPU
		{465E1C07-FB71-480B-9E7F-9190F8ECB425}.Ad-Hoc|ARM.Deploy.0 = Release|Any CPU
		{465E1C07-FB71-480B-9E7F-9190F8ECB425}.Ad-Hoc|iPhone.ActiveCfg = Release|Any CPU
		{465E1C07-FB71-480B-9E7F-9190F8ECB425}.Ad-Hoc|iPhone.Build.0 = Release|Any CPU
		{465E1C07-FB71-480B-9E7F-9190F8ECB425}.Ad-Hoc|iPhone.Deploy.0 = Release|Any CPU
		{465E1C07-FB71-480B-9E7F-9190F8ECB425}.Ad-Hoc|iPhoneSimulator.ActiveCfg = Release|Any CPU
		{465E1C07-FB71-480B-9E7F-9190F8ECB425}.Ad-Hoc|iPhoneSimulator.Build.0 = Release|Any CPU
		{465E1C07-FB71-480B-9E7F-9190F8ECB425}.Ad-Hoc|iPhoneSimulator.Deploy.0 = Release|Any CPU
		{465E1C07-FB71-480B-9E7F-9190F8ECB425}.Ad-Hoc|x64.ActiveCfg = Release|Any CPU
		{465E1C07-FB71-480B-9E7F-9190F8ECB425}.Ad-Hoc|x64.Build.0 = Release|Any CPU
		{465E1C07-FB71-480B-9E7F-9190F8ECB425}.Ad-Hoc|x64.Deploy.0 = Release|Any CPU
		{465E1C07-FB71-480B-9E7F-9190F8ECB425}.Ad-Hoc|x86.ActiveCfg = Release|Any CPU
		{465E1C07-FB71-480B-9E7F-9190F8ECB425}.Ad-Hoc|x86.Build.0 = Release|Any CPU
		{465E1C07-FB71-480B-9E7F-9190F8ECB425}.Ad-Hoc|x86.Deploy.0 = Release|Any CPU
		{465E1C07-FB71-480B-9E7F-9190F8ECB425}.AppStore|Any CPU.ActiveCfg = Release|Any CPU
		{465E1C07-FB71-480B-9E7F-9190F8ECB425}.AppStore|Any CPU.Build.0 = Release|Any CPU
		{465E1C07-FB71-480B-9E7F-9190F8ECB425}.AppStore|Any CPU.Deploy.0 = Release|Any CPU
		{465E1C07-FB71-480B-9E7F-9190F8ECB425}.AppStore|ARM.ActiveCfg = Release|Any CPU
		{465E1C07-FB71-480B-9E7F-9190F8ECB425}.AppStore|ARM.Build.0 = Release|Any CPU
		{465E1C07-FB71-480B-9E7F-9190F8ECB425}.AppStore|ARM.Deploy.0 = Release|Any CPU
		{465E1C07-FB71-480B-9E7F-9190F8ECB425}.AppStore|iPhone.ActiveCfg = Release|Any CPU
		{465E1C07-FB71-480B-9E7F-9190F8ECB425}.AppStore|iPhone.Build.0 = Release|Any CPU
		{465E1C07-FB71-480B-9E7F-9190F8ECB425}.AppStore|iPhone.Deploy.0 = Release|Any CPU
		{465E1C07-FB71-480B-9E7F-9190F8ECB425}.AppStore|iPhoneSimulator.ActiveCfg = Release|Any CPU
		{465E1C07-FB71-480B-9E7F-9190F8ECB425}.AppStore|iPhoneSimulator.Build.0 = Release|Any CPU
		{465E1C07-FB71-480B-9E7F-9190F8ECB425}.AppStore|iPhoneSimulator.Deploy.0 = Release|Any CPU
		{465E1C07-FB71-480B-9E7F-9190F8ECB425}.AppStore|x64.ActiveCfg = Release|Any CPU
		{465E1C07-FB71-480B-9E7F-9190F8ECB425}.AppStore|x64.Build.0 = Release|Any CPU
		{465E1C07-FB71-480B-9E7F-9190F8ECB425}.AppStore|x64.Deploy.0 = Release|Any CPU
		{465E1C07-FB71-480B-9E7F-9190F8ECB425}.AppStore|x86.ActiveCfg = Release|Any CPU
		{465E1C07-FB71-480B-9E7F-9190F8ECB425}.AppStore|x86.Build.0 = Release|Any CPU
		{465E1C07-FB71-480B-9E7F-9190F8ECB425}.AppStore|x86.Deploy.0 = Release|Any CPU
		{465E1C07-FB71-480B-9E7F-9190F8ECB425}.Debug|Any CPU.ActiveCfg = Debug|Any CPU
		{465E1C07-FB71-480B-9E7F-9190F8ECB425}.Debug|Any CPU.Build.0 = Debug|Any CPU
		{465E1C07-FB71-480B-9E7F-9190F8ECB425}.Debug|Any CPU.Deploy.0 = Debug|Any CPU
		{465E1C07-FB71-480B-9E7F-9190F8ECB425}.Debug|ARM.ActiveCfg = Debug|Any CPU
		{465E1C07-FB71-480B-9E7F-9190F8ECB425}.Debug|ARM.Build.0 = Debug|Any CPU
		{465E1C07-FB71-480B-9E7F-9190F8ECB425}.Debug|ARM.Deploy.0 = Debug|Any CPU
		{465E1C07-FB71-480B-9E7F-9190F8ECB425}.Debug|iPhone.ActiveCfg = Debug|Any CPU
		{465E1C07-FB71-480B-9E7F-9190F8ECB425}.Debug|iPhone.Build.0 = Debug|Any CPU
		{465E1C07-FB71-480B-9E7F-9190F8ECB425}.Debug|iPhone.Deploy.0 = Debug|Any CPU
		{465E1C07-FB71-480B-9E7F-9190F8ECB425}.Debug|iPhoneSimulator.ActiveCfg = Debug|Any CPU
		{465E1C07-FB71-480B-9E7F-9190F8ECB425}.Debug|iPhoneSimulator.Build.0 = Debug|Any CPU
		{465E1C07-FB71-480B-9E7F-9190F8ECB425}.Debug|iPhoneSimulator.Deploy.0 = Debug|Any CPU
		{465E1C07-FB71-480B-9E7F-9190F8ECB425}.Debug|x64.ActiveCfg = Debug|Any CPU
		{465E1C07-FB71-480B-9E7F-9190F8ECB425}.Debug|x64.Build.0 = Debug|Any CPU
		{465E1C07-FB71-480B-9E7F-9190F8ECB425}.Debug|x64.Deploy.0 = Debug|Any CPU
		{465E1C07-FB71-480B-9E7F-9190F8ECB425}.Debug|x86.ActiveCfg = Debug|Any CPU
		{465E1C07-FB71-480B-9E7F-9190F8ECB425}.Debug|x86.Build.0 = Debug|Any CPU
		{465E1C07-FB71-480B-9E7F-9190F8ECB425}.Debug|x86.Deploy.0 = Debug|Any CPU
		{465E1C07-FB71-480B-9E7F-9190F8ECB425}.Release|Any CPU.ActiveCfg = Release|Any CPU
		{465E1C07-FB71-480B-9E7F-9190F8ECB425}.Release|Any CPU.Build.0 = Release|Any CPU
		{465E1C07-FB71-480B-9E7F-9190F8ECB425}.Release|Any CPU.Deploy.0 = Release|Any CPU
		{465E1C07-FB71-480B-9E7F-9190F8ECB425}.Release|ARM.ActiveCfg = Release|Any CPU
		{465E1C07-FB71-480B-9E7F-9190F8ECB425}.Release|ARM.Build.0 = Release|Any CPU
		{465E1C07-FB71-480B-9E7F-9190F8ECB425}.Release|ARM.Deploy.0 = Release|Any CPU
		{465E1C07-FB71-480B-9E7F-9190F8ECB425}.Release|iPhone.ActiveCfg = Release|Any CPU
		{465E1C07-FB71-480B-9E7F-9190F8ECB425}.Release|iPhone.Build.0 = Release|Any CPU
		{465E1C07-FB71-480B-9E7F-9190F8ECB425}.Release|iPhone.Deploy.0 = Release|Any CPU
		{465E1C07-FB71-480B-9E7F-9190F8ECB425}.Release|iPhoneSimulator.ActiveCfg = Release|Any CPU
		{465E1C07-FB71-480B-9E7F-9190F8ECB425}.Release|iPhoneSimulator.Build.0 = Release|Any CPU
		{465E1C07-FB71-480B-9E7F-9190F8ECB425}.Release|iPhoneSimulator.Deploy.0 = Release|Any CPU
		{465E1C07-FB71-480B-9E7F-9190F8ECB425}.Release|x64.ActiveCfg = Release|Any CPU
		{465E1C07-FB71-480B-9E7F-9190F8ECB425}.Release|x64.Build.0 = Release|Any CPU
		{465E1C07-FB71-480B-9E7F-9190F8ECB425}.Release|x64.Deploy.0 = Release|Any CPU
		{465E1C07-FB71-480B-9E7F-9190F8ECB425}.Release|x86.ActiveCfg = Release|Any CPU
		{465E1C07-FB71-480B-9E7F-9190F8ECB425}.Release|x86.Build.0 = Release|Any CPU
		{465E1C07-FB71-480B-9E7F-9190F8ECB425}.Release|x86.Deploy.0 = Release|Any CPU
		{661F740A-EF00-4A53-8633-8622ACCDF9F9}.Ad-Hoc|Any CPU.ActiveCfg = Ad-Hoc|iPhone
		{661F740A-EF00-4A53-8633-8622ACCDF9F9}.Ad-Hoc|ARM.ActiveCfg = Ad-Hoc|iPhone
		{661F740A-EF00-4A53-8633-8622ACCDF9F9}.Ad-Hoc|iPhone.ActiveCfg = Ad-Hoc|iPhone
		{661F740A-EF00-4A53-8633-8622ACCDF9F9}.Ad-Hoc|iPhone.Build.0 = Ad-Hoc|iPhone
		{661F740A-EF00-4A53-8633-8622ACCDF9F9}.Ad-Hoc|iPhoneSimulator.ActiveCfg = Ad-Hoc|iPhoneSimulator
		{661F740A-EF00-4A53-8633-8622ACCDF9F9}.Ad-Hoc|iPhoneSimulator.Build.0 = Ad-Hoc|iPhoneSimulator
		{661F740A-EF00-4A53-8633-8622ACCDF9F9}.Ad-Hoc|x64.ActiveCfg = Ad-Hoc|iPhone
		{661F740A-EF00-4A53-8633-8622ACCDF9F9}.Ad-Hoc|x86.ActiveCfg = Ad-Hoc|iPhone
		{661F740A-EF00-4A53-8633-8622ACCDF9F9}.AppStore|Any CPU.ActiveCfg = AppStore|iPhone
		{661F740A-EF00-4A53-8633-8622ACCDF9F9}.AppStore|ARM.ActiveCfg = AppStore|iPhone
		{661F740A-EF00-4A53-8633-8622ACCDF9F9}.AppStore|iPhone.ActiveCfg = AppStore|iPhone
		{661F740A-EF00-4A53-8633-8622ACCDF9F9}.AppStore|iPhone.Build.0 = AppStore|iPhone
		{661F740A-EF00-4A53-8633-8622ACCDF9F9}.AppStore|iPhoneSimulator.ActiveCfg = AppStore|iPhoneSimulator
		{661F740A-EF00-4A53-8633-8622ACCDF9F9}.AppStore|iPhoneSimulator.Build.0 = AppStore|iPhoneSimulator
		{661F740A-EF00-4A53-8633-8622ACCDF9F9}.AppStore|x64.ActiveCfg = AppStore|iPhone
		{661F740A-EF00-4A53-8633-8622ACCDF9F9}.AppStore|x86.ActiveCfg = AppStore|iPhone
		{661F740A-EF00-4A53-8633-8622ACCDF9F9}.Debug|Any CPU.ActiveCfg = Debug|iPhone
		{661F740A-EF00-4A53-8633-8622ACCDF9F9}.Debug|ARM.ActiveCfg = Debug|iPhone
		{661F740A-EF00-4A53-8633-8622ACCDF9F9}.Debug|iPhone.ActiveCfg = Debug|iPhone
		{661F740A-EF00-4A53-8633-8622ACCDF9F9}.Debug|iPhone.Build.0 = Debug|iPhone
		{661F740A-EF00-4A53-8633-8622ACCDF9F9}.Debug|iPhoneSimulator.ActiveCfg = Debug|iPhoneSimulator
		{661F740A-EF00-4A53-8633-8622ACCDF9F9}.Debug|iPhoneSimulator.Build.0 = Debug|iPhoneSimulator
		{661F740A-EF00-4A53-8633-8622ACCDF9F9}.Debug|x64.ActiveCfg = Debug|iPhone
		{661F740A-EF00-4A53-8633-8622ACCDF9F9}.Debug|x86.ActiveCfg = Debug|iPhone
		{661F740A-EF00-4A53-8633-8622ACCDF9F9}.Release|Any CPU.ActiveCfg = Release|iPhone
		{661F740A-EF00-4A53-8633-8622ACCDF9F9}.Release|ARM.ActiveCfg = Release|iPhone
		{661F740A-EF00-4A53-8633-8622ACCDF9F9}.Release|iPhone.ActiveCfg = Release|iPhone
		{661F740A-EF00-4A53-8633-8622ACCDF9F9}.Release|iPhone.Build.0 = Release|iPhone
		{661F740A-EF00-4A53-8633-8622ACCDF9F9}.Release|iPhoneSimulator.ActiveCfg = Release|iPhoneSimulator
		{661F740A-EF00-4A53-8633-8622ACCDF9F9}.Release|iPhoneSimulator.Build.0 = Release|iPhoneSimulator
		{661F740A-EF00-4A53-8633-8622ACCDF9F9}.Release|x64.ActiveCfg = Release|iPhone
		{661F740A-EF00-4A53-8633-8622ACCDF9F9}.Release|x86.ActiveCfg = Release|iPhone
		{80D60425-7F85-4626-9A94-D882EC0C4D3F}.Ad-Hoc|Any CPU.ActiveCfg = Release|Any CPU
		{80D60425-7F85-4626-9A94-D882EC0C4D3F}.Ad-Hoc|Any CPU.Build.0 = Release|Any CPU
		{80D60425-7F85-4626-9A94-D882EC0C4D3F}.Ad-Hoc|Any CPU.Deploy.0 = Release|Any CPU
		{80D60425-7F85-4626-9A94-D882EC0C4D3F}.Ad-Hoc|ARM.ActiveCfg = Release|ARM
		{80D60425-7F85-4626-9A94-D882EC0C4D3F}.Ad-Hoc|ARM.Build.0 = Release|ARM
		{80D60425-7F85-4626-9A94-D882EC0C4D3F}.Ad-Hoc|ARM.Deploy.0 = Release|ARM
		{80D60425-7F85-4626-9A94-D882EC0C4D3F}.Ad-Hoc|iPhone.ActiveCfg = Release|Any CPU
		{80D60425-7F85-4626-9A94-D882EC0C4D3F}.Ad-Hoc|iPhone.Build.0 = Release|Any CPU
		{80D60425-7F85-4626-9A94-D882EC0C4D3F}.Ad-Hoc|iPhone.Deploy.0 = Release|Any CPU
		{80D60425-7F85-4626-9A94-D882EC0C4D3F}.Ad-Hoc|iPhoneSimulator.ActiveCfg = Release|Any CPU
		{80D60425-7F85-4626-9A94-D882EC0C4D3F}.Ad-Hoc|iPhoneSimulator.Build.0 = Release|Any CPU
		{80D60425-7F85-4626-9A94-D882EC0C4D3F}.Ad-Hoc|iPhoneSimulator.Deploy.0 = Release|Any CPU
		{80D60425-7F85-4626-9A94-D882EC0C4D3F}.Ad-Hoc|x64.ActiveCfg = Release|Any CPU
		{80D60425-7F85-4626-9A94-D882EC0C4D3F}.Ad-Hoc|x64.Build.0 = Release|Any CPU
		{80D60425-7F85-4626-9A94-D882EC0C4D3F}.Ad-Hoc|x64.Deploy.0 = Release|Any CPU
		{80D60425-7F85-4626-9A94-D882EC0C4D3F}.Ad-Hoc|x86.ActiveCfg = Release|x86
		{80D60425-7F85-4626-9A94-D882EC0C4D3F}.Ad-Hoc|x86.Build.0 = Release|x86
		{80D60425-7F85-4626-9A94-D882EC0C4D3F}.Ad-Hoc|x86.Deploy.0 = Release|x86
		{80D60425-7F85-4626-9A94-D882EC0C4D3F}.AppStore|Any CPU.ActiveCfg = Release|Any CPU
		{80D60425-7F85-4626-9A94-D882EC0C4D3F}.AppStore|Any CPU.Build.0 = Release|Any CPU
		{80D60425-7F85-4626-9A94-D882EC0C4D3F}.AppStore|Any CPU.Deploy.0 = Release|Any CPU
		{80D60425-7F85-4626-9A94-D882EC0C4D3F}.AppStore|ARM.ActiveCfg = Release|ARM
		{80D60425-7F85-4626-9A94-D882EC0C4D3F}.AppStore|ARM.Build.0 = Release|ARM
		{80D60425-7F85-4626-9A94-D882EC0C4D3F}.AppStore|ARM.Deploy.0 = Release|ARM
		{80D60425-7F85-4626-9A94-D882EC0C4D3F}.AppStore|iPhone.ActiveCfg = Release|Any CPU
		{80D60425-7F85-4626-9A94-D882EC0C4D3F}.AppStore|iPhone.Build.0 = Release|Any CPU
		{80D60425-7F85-4626-9A94-D882EC0C4D3F}.AppStore|iPhone.Deploy.0 = Release|Any CPU
		{80D60425-7F85-4626-9A94-D882EC0C4D3F}.AppStore|iPhoneSimulator.ActiveCfg = Release|Any CPU
		{80D60425-7F85-4626-9A94-D882EC0C4D3F}.AppStore|iPhoneSimulator.Build.0 = Release|Any CPU
		{80D60425-7F85-4626-9A94-D882EC0C4D3F}.AppStore|iPhoneSimulator.Deploy.0 = Release|Any CPU
		{80D60425-7F85-4626-9A94-D882EC0C4D3F}.AppStore|x64.ActiveCfg = Release|Any CPU
		{80D60425-7F85-4626-9A94-D882EC0C4D3F}.AppStore|x64.Build.0 = Release|Any CPU
		{80D60425-7F85-4626-9A94-D882EC0C4D3F}.AppStore|x64.Deploy.0 = Release|Any CPU
		{80D60425-7F85-4626-9A94-D882EC0C4D3F}.AppStore|x86.ActiveCfg = Release|x86
		{80D60425-7F85-4626-9A94-D882EC0C4D3F}.AppStore|x86.Build.0 = Release|x86
		{80D60425-7F85-4626-9A94-D882EC0C4D3F}.AppStore|x86.Deploy.0 = Release|x86
		{80D60425-7F85-4626-9A94-D882EC0C4D3F}.Debug|Any CPU.ActiveCfg = Debug|Any CPU
		{80D60425-7F85-4626-9A94-D882EC0C4D3F}.Debug|Any CPU.Build.0 = Debug|Any CPU
		{80D60425-7F85-4626-9A94-D882EC0C4D3F}.Debug|Any CPU.Deploy.0 = Debug|Any CPU
		{80D60425-7F85-4626-9A94-D882EC0C4D3F}.Debug|ARM.ActiveCfg = Debug|ARM
		{80D60425-7F85-4626-9A94-D882EC0C4D3F}.Debug|ARM.Build.0 = Debug|ARM
		{80D60425-7F85-4626-9A94-D882EC0C4D3F}.Debug|ARM.Deploy.0 = Debug|ARM
		{80D60425-7F85-4626-9A94-D882EC0C4D3F}.Debug|iPhone.ActiveCfg = Debug|Any CPU
		{80D60425-7F85-4626-9A94-D882EC0C4D3F}.Debug|iPhone.Build.0 = Debug|Any CPU
		{80D60425-7F85-4626-9A94-D882EC0C4D3F}.Debug|iPhone.Deploy.0 = Debug|Any CPU
		{80D60425-7F85-4626-9A94-D882EC0C4D3F}.Debug|iPhoneSimulator.ActiveCfg = Debug|Any CPU
		{80D60425-7F85-4626-9A94-D882EC0C4D3F}.Debug|iPhoneSimulator.Build.0 = Debug|Any CPU
		{80D60425-7F85-4626-9A94-D882EC0C4D3F}.Debug|iPhoneSimulator.Deploy.0 = Debug|Any CPU
		{80D60425-7F85-4626-9A94-D882EC0C4D3F}.Debug|x64.ActiveCfg = Debug|Any CPU
		{80D60425-7F85-4626-9A94-D882EC0C4D3F}.Debug|x64.Build.0 = Debug|Any CPU
		{80D60425-7F85-4626-9A94-D882EC0C4D3F}.Debug|x64.Deploy.0 = Debug|Any CPU
		{80D60425-7F85-4626-9A94-D882EC0C4D3F}.Debug|x86.ActiveCfg = Debug|x86
		{80D60425-7F85-4626-9A94-D882EC0C4D3F}.Debug|x86.Build.0 = Debug|x86
		{80D60425-7F85-4626-9A94-D882EC0C4D3F}.Debug|x86.Deploy.0 = Debug|x86
		{80D60425-7F85-4626-9A94-D882EC0C4D3F}.Release|Any CPU.ActiveCfg = Release|Any CPU
		{80D60425-7F85-4626-9A94-D882EC0C4D3F}.Release|Any CPU.Build.0 = Release|Any CPU
		{80D60425-7F85-4626-9A94-D882EC0C4D3F}.Release|Any CPU.Deploy.0 = Release|Any CPU
		{80D60425-7F85-4626-9A94-D882EC0C4D3F}.Release|ARM.ActiveCfg = Release|ARM
		{80D60425-7F85-4626-9A94-D882EC0C4D3F}.Release|ARM.Build.0 = Release|ARM
		{80D60425-7F85-4626-9A94-D882EC0C4D3F}.Release|ARM.Deploy.0 = Release|ARM
		{80D60425-7F85-4626-9A94-D882EC0C4D3F}.Release|iPhone.ActiveCfg = Release|Any CPU
		{80D60425-7F85-4626-9A94-D882EC0C4D3F}.Release|iPhone.Build.0 = Release|Any CPU
		{80D60425-7F85-4626-9A94-D882EC0C4D3F}.Release|iPhone.Deploy.0 = Release|Any CPU
		{80D60425-7F85-4626-9A94-D882EC0C4D3F}.Release|iPhoneSimulator.ActiveCfg = Release|Any CPU
		{80D60425-7F85-4626-9A94-D882EC0C4D3F}.Release|iPhoneSimulator.Build.0 = Release|Any CPU
		{80D60425-7F85-4626-9A94-D882EC0C4D3F}.Release|iPhoneSimulator.Deploy.0 = Release|Any CPU
		{80D60425-7F85-4626-9A94-D882EC0C4D3F}.Release|x64.ActiveCfg = Release|Any CPU
		{80D60425-7F85-4626-9A94-D882EC0C4D3F}.Release|x64.Build.0 = Release|Any CPU
		{80D60425-7F85-4626-9A94-D882EC0C4D3F}.Release|x64.Deploy.0 = Release|Any CPU
		{80D60425-7F85-4626-9A94-D882EC0C4D3F}.Release|x86.ActiveCfg = Release|x86
		{80D60425-7F85-4626-9A94-D882EC0C4D3F}.Release|x86.Build.0 = Release|x86
		{80D60425-7F85-4626-9A94-D882EC0C4D3F}.Release|x86.Deploy.0 = Release|x86
		{40542A24-E25E-4905-8519-AC6DB16E1BBA}.Ad-Hoc|Any CPU.ActiveCfg = Release|x86
		{40542A24-E25E-4905-8519-AC6DB16E1BBA}.Ad-Hoc|Any CPU.Build.0 = Release|x86
		{40542A24-E25E-4905-8519-AC6DB16E1BBA}.Ad-Hoc|Any CPU.Deploy.0 = Release|x86
		{40542A24-E25E-4905-8519-AC6DB16E1BBA}.Ad-Hoc|ARM.ActiveCfg = Release|ARM
		{40542A24-E25E-4905-8519-AC6DB16E1BBA}.Ad-Hoc|ARM.Build.0 = Release|ARM
		{40542A24-E25E-4905-8519-AC6DB16E1BBA}.Ad-Hoc|ARM.Deploy.0 = Release|ARM
		{40542A24-E25E-4905-8519-AC6DB16E1BBA}.Ad-Hoc|iPhone.ActiveCfg = Release|x86
		{40542A24-E25E-4905-8519-AC6DB16E1BBA}.Ad-Hoc|iPhone.Build.0 = Release|x86
		{40542A24-E25E-4905-8519-AC6DB16E1BBA}.Ad-Hoc|iPhone.Deploy.0 = Release|x86
		{40542A24-E25E-4905-8519-AC6DB16E1BBA}.Ad-Hoc|iPhoneSimulator.ActiveCfg = Release|x86
		{40542A24-E25E-4905-8519-AC6DB16E1BBA}.Ad-Hoc|iPhoneSimulator.Build.0 = Release|x86
		{40542A24-E25E-4905-8519-AC6DB16E1BBA}.Ad-Hoc|iPhoneSimulator.Deploy.0 = Release|x86
		{40542A24-E25E-4905-8519-AC6DB16E1BBA}.Ad-Hoc|x64.ActiveCfg = Release|x64
		{40542A24-E25E-4905-8519-AC6DB16E1BBA}.Ad-Hoc|x64.Build.0 = Release|x64
		{40542A24-E25E-4905-8519-AC6DB16E1BBA}.Ad-Hoc|x64.Deploy.0 = Release|x64
		{40542A24-E25E-4905-8519-AC6DB16E1BBA}.Ad-Hoc|x86.ActiveCfg = Release|x86
		{40542A24-E25E-4905-8519-AC6DB16E1BBA}.Ad-Hoc|x86.Build.0 = Release|x86
		{40542A24-E25E-4905-8519-AC6DB16E1BBA}.Ad-Hoc|x86.Deploy.0 = Release|x86
		{40542A24-E25E-4905-8519-AC6DB16E1BBA}.AppStore|Any CPU.ActiveCfg = Release|x86
		{40542A24-E25E-4905-8519-AC6DB16E1BBA}.AppStore|Any CPU.Build.0 = Release|x86
		{40542A24-E25E-4905-8519-AC6DB16E1BBA}.AppStore|Any CPU.Deploy.0 = Release|x86
		{40542A24-E25E-4905-8519-AC6DB16E1BBA}.AppStore|ARM.ActiveCfg = Release|ARM
		{40542A24-E25E-4905-8519-AC6DB16E1BBA}.AppStore|ARM.Build.0 = Release|ARM
		{40542A24-E25E-4905-8519-AC6DB16E1BBA}.AppStore|ARM.Deploy.0 = Release|ARM
		{40542A24-E25E-4905-8519-AC6DB16E1BBA}.AppStore|iPhone.ActiveCfg = Release|x86
		{40542A24-E25E-4905-8519-AC6DB16E1BBA}.AppStore|iPhone.Build.0 = Release|x86
		{40542A24-E25E-4905-8519-AC6DB16E1BBA}.AppStore|iPhone.Deploy.0 = Release|x86
		{40542A24-E25E-4905-8519-AC6DB16E1BBA}.AppStore|iPhoneSimulator.ActiveCfg = Release|x86
		{40542A24-E25E-4905-8519-AC6DB16E1BBA}.AppStore|iPhoneSimulator.Build.0 = Release|x86
		{40542A24-E25E-4905-8519-AC6DB16E1BBA}.AppStore|iPhoneSimulator.Deploy.0 = Release|x86
		{40542A24-E25E-4905-8519-AC6DB16E1BBA}.AppStore|x64.ActiveCfg = Release|x64
		{40542A24-E25E-4905-8519-AC6DB16E1BBA}.AppStore|x64.Build.0 = Release|x64
		{40542A24-E25E-4905-8519-AC6DB16E1BBA}.AppStore|x64.Deploy.0 = Release|x64
		{40542A24-E25E-4905-8519-AC6DB16E1BBA}.AppStore|x86.ActiveCfg = Release|x86
		{40542A24-E25E-4905-8519-AC6DB16E1BBA}.AppStore|x86.Build.0 = Release|x86
		{40542A24-E25E-4905-8519-AC6DB16E1BBA}.AppStore|x86.Deploy.0 = Release|x86
		{40542A24-E25E-4905-8519-AC6DB16E1BBA}.Debug|Any CPU.ActiveCfg = Debug|x86
		{40542A24-E25E-4905-8519-AC6DB16E1BBA}.Debug|ARM.ActiveCfg = Debug|ARM
		{40542A24-E25E-4905-8519-AC6DB16E1BBA}.Debug|ARM.Build.0 = Debug|ARM
		{40542A24-E25E-4905-8519-AC6DB16E1BBA}.Debug|ARM.Deploy.0 = Debug|ARM
		{40542A24-E25E-4905-8519-AC6DB16E1BBA}.Debug|iPhone.ActiveCfg = Debug|x86
		{40542A24-E25E-4905-8519-AC6DB16E1BBA}.Debug|iPhoneSimulator.ActiveCfg = Debug|x86
		{40542A24-E25E-4905-8519-AC6DB16E1BBA}.Debug|x64.ActiveCfg = Debug|x64
		{40542A24-E25E-4905-8519-AC6DB16E1BBA}.Debug|x64.Build.0 = Debug|x64
		{40542A24-E25E-4905-8519-AC6DB16E1BBA}.Debug|x64.Deploy.0 = Debug|x64
		{40542A24-E25E-4905-8519-AC6DB16E1BBA}.Debug|x86.ActiveCfg = Debug|x86
		{40542A24-E25E-4905-8519-AC6DB16E1BBA}.Debug|x86.Build.0 = Debug|x86
		{40542A24-E25E-4905-8519-AC6DB16E1BBA}.Debug|x86.Deploy.0 = Debug|x86
		{40542A24-E25E-4905-8519-AC6DB16E1BBA}.Release|Any CPU.ActiveCfg = Release|x86
		{40542A24-E25E-4905-8519-AC6DB16E1BBA}.Release|ARM.ActiveCfg = Release|ARM
		{40542A24-E25E-4905-8519-AC6DB16E1BBA}.Release|ARM.Build.0 = Release|ARM
		{40542A24-E25E-4905-8519-AC6DB16E1BBA}.Release|ARM.Deploy.0 = Release|ARM
		{40542A24-E25E-4905-8519-AC6DB16E1BBA}.Release|iPhone.ActiveCfg = Release|x86
		{40542A24-E25E-4905-8519-AC6DB16E1BBA}.Release|iPhoneSimulator.ActiveCfg = Release|x86
		{40542A24-E25E-4905-8519-AC6DB16E1BBA}.Release|x64.ActiveCfg = Release|x64
		{40542A24-E25E-4905-8519-AC6DB16E1BBA}.Release|x64.Build.0 = Release|x64
		{40542A24-E25E-4905-8519-AC6DB16E1BBA}.Release|x64.Deploy.0 = Release|x64
		{40542A24-E25E-4905-8519-AC6DB16E1BBA}.Release|x86.ActiveCfg = Release|x86
		{40542A24-E25E-4905-8519-AC6DB16E1BBA}.Release|x86.Build.0 = Release|x86
		{40542A24-E25E-4905-8519-AC6DB16E1BBA}.Release|x86.Deploy.0 = Release|x86
		{0AB8C03D-1FDD-42AA-BE43-FC961A57C31E}.Ad-Hoc|Any CPU.ActiveCfg = Release|Any CPU
		{0AB8C03D-1FDD-42AA-BE43-FC961A57C31E}.Ad-Hoc|Any CPU.Build.0 = Release|Any CPU
		{0AB8C03D-1FDD-42AA-BE43-FC961A57C31E}.Ad-Hoc|Any CPU.Deploy.0 = Release|Any CPU
		{0AB8C03D-1FDD-42AA-BE43-FC961A57C31E}.Ad-Hoc|ARM.ActiveCfg = Release|ARM
		{0AB8C03D-1FDD-42AA-BE43-FC961A57C31E}.Ad-Hoc|ARM.Build.0 = Release|ARM
		{0AB8C03D-1FDD-42AA-BE43-FC961A57C31E}.Ad-Hoc|ARM.Deploy.0 = Release|ARM
		{0AB8C03D-1FDD-42AA-BE43-FC961A57C31E}.Ad-Hoc|iPhone.ActiveCfg = Release|Any CPU
		{0AB8C03D-1FDD-42AA-BE43-FC961A57C31E}.Ad-Hoc|iPhone.Build.0 = Release|Any CPU
		{0AB8C03D-1FDD-42AA-BE43-FC961A57C31E}.Ad-Hoc|iPhone.Deploy.0 = Release|Any CPU
		{0AB8C03D-1FDD-42AA-BE43-FC961A57C31E}.Ad-Hoc|iPhoneSimulator.ActiveCfg = Release|Any CPU
		{0AB8C03D-1FDD-42AA-BE43-FC961A57C31E}.Ad-Hoc|iPhoneSimulator.Build.0 = Release|Any CPU
		{0AB8C03D-1FDD-42AA-BE43-FC961A57C31E}.Ad-Hoc|iPhoneSimulator.Deploy.0 = Release|Any CPU
		{0AB8C03D-1FDD-42AA-BE43-FC961A57C31E}.Ad-Hoc|x64.ActiveCfg = Release|x64
		{0AB8C03D-1FDD-42AA-BE43-FC961A57C31E}.Ad-Hoc|x64.Build.0 = Release|x64
		{0AB8C03D-1FDD-42AA-BE43-FC961A57C31E}.Ad-Hoc|x64.Deploy.0 = Release|x64
		{0AB8C03D-1FDD-42AA-BE43-FC961A57C31E}.Ad-Hoc|x86.ActiveCfg = Release|x86
		{0AB8C03D-1FDD-42AA-BE43-FC961A57C31E}.Ad-Hoc|x86.Build.0 = Release|x86
		{0AB8C03D-1FDD-42AA-BE43-FC961A57C31E}.Ad-Hoc|x86.Deploy.0 = Release|x86
		{0AB8C03D-1FDD-42AA-BE43-FC961A57C31E}.AppStore|Any CPU.ActiveCfg = Release|Any CPU
		{0AB8C03D-1FDD-42AA-BE43-FC961A57C31E}.AppStore|Any CPU.Build.0 = Release|Any CPU
		{0AB8C03D-1FDD-42AA-BE43-FC961A57C31E}.AppStore|Any CPU.Deploy.0 = Release|Any CPU
		{0AB8C03D-1FDD-42AA-BE43-FC961A57C31E}.AppStore|ARM.ActiveCfg = Release|ARM
		{0AB8C03D-1FDD-42AA-BE43-FC961A57C31E}.AppStore|ARM.Build.0 = Release|ARM
		{0AB8C03D-1FDD-42AA-BE43-FC961A57C31E}.AppStore|ARM.Deploy.0 = Release|ARM
		{0AB8C03D-1FDD-42AA-BE43-FC961A57C31E}.AppStore|iPhone.ActiveCfg = Release|Any CPU
		{0AB8C03D-1FDD-42AA-BE43-FC961A57C31E}.AppStore|iPhone.Build.0 = Release|Any CPU
		{0AB8C03D-1FDD-42AA-BE43-FC961A57C31E}.AppStore|iPhone.Deploy.0 = Release|Any CPU
		{0AB8C03D-1FDD-42AA-BE43-FC961A57C31E}.AppStore|iPhoneSimulator.ActiveCfg = Release|Any CPU
		{0AB8C03D-1FDD-42AA-BE43-FC961A57C31E}.AppStore|iPhoneSimulator.Build.0 = Release|Any CPU
		{0AB8C03D-1FDD-42AA-BE43-FC961A57C31E}.AppStore|iPhoneSimulator.Deploy.0 = Release|Any CPU
		{0AB8C03D-1FDD-42AA-BE43-FC961A57C31E}.AppStore|x64.ActiveCfg = Release|x64
		{0AB8C03D-1FDD-42AA-BE43-FC961A57C31E}.AppStore|x64.Build.0 = Release|x64
		{0AB8C03D-1FDD-42AA-BE43-FC961A57C31E}.AppStore|x64.Deploy.0 = Release|x64
		{0AB8C03D-1FDD-42AA-BE43-FC961A57C31E}.AppStore|x86.ActiveCfg = Release|x86
		{0AB8C03D-1FDD-42AA-BE43-FC961A57C31E}.AppStore|x86.Build.0 = Release|x86
		{0AB8C03D-1FDD-42AA-BE43-FC961A57C31E}.AppStore|x86.Deploy.0 = Release|x86
		{0AB8C03D-1FDD-42AA-BE43-FC961A57C31E}.Debug|Any CPU.ActiveCfg = Debug|Any CPU
		{0AB8C03D-1FDD-42AA-BE43-FC961A57C31E}.Debug|Any CPU.Build.0 = Debug|Any CPU
		{0AB8C03D-1FDD-42AA-BE43-FC961A57C31E}.Debug|Any CPU.Deploy.0 = Debug|Any CPU
		{0AB8C03D-1FDD-42AA-BE43-FC961A57C31E}.Debug|ARM.ActiveCfg = Debug|ARM
		{0AB8C03D-1FDD-42AA-BE43-FC961A57C31E}.Debug|ARM.Build.0 = Debug|ARM
		{0AB8C03D-1FDD-42AA-BE43-FC961A57C31E}.Debug|ARM.Deploy.0 = Debug|ARM
		{0AB8C03D-1FDD-42AA-BE43-FC961A57C31E}.Debug|iPhone.ActiveCfg = Debug|Any CPU
		{0AB8C03D-1FDD-42AA-BE43-FC961A57C31E}.Debug|iPhone.Build.0 = Debug|Any CPU
		{0AB8C03D-1FDD-42AA-BE43-FC961A57C31E}.Debug|iPhone.Deploy.0 = Debug|Any CPU
		{0AB8C03D-1FDD-42AA-BE43-FC961A57C31E}.Debug|iPhoneSimulator.ActiveCfg = Debug|Any CPU
		{0AB8C03D-1FDD-42AA-BE43-FC961A57C31E}.Debug|iPhoneSimulator.Build.0 = Debug|Any CPU
		{0AB8C03D-1FDD-42AA-BE43-FC961A57C31E}.Debug|iPhoneSimulator.Deploy.0 = Debug|Any CPU
		{0AB8C03D-1FDD-42AA-BE43-FC961A57C31E}.Debug|x64.ActiveCfg = Debug|x64
		{0AB8C03D-1FDD-42AA-BE43-FC961A57C31E}.Debug|x64.Build.0 = Debug|x64
		{0AB8C03D-1FDD-42AA-BE43-FC961A57C31E}.Debug|x64.Deploy.0 = Debug|x64
		{0AB8C03D-1FDD-42AA-BE43-FC961A57C31E}.Debug|x86.ActiveCfg = Debug|x86
		{0AB8C03D-1FDD-42AA-BE43-FC961A57C31E}.Debug|x86.Build.0 = Debug|x86
		{0AB8C03D-1FDD-42AA-BE43-FC961A57C31E}.Debug|x86.Deploy.0 = Debug|x86
		{0AB8C03D-1FDD-42AA-BE43-FC961A57C31E}.Release|Any CPU.ActiveCfg = Release|Any CPU
		{0AB8C03D-1FDD-42AA-BE43-FC961A57C31E}.Release|Any CPU.Build.0 = Release|Any CPU
		{0AB8C03D-1FDD-42AA-BE43-FC961A57C31E}.Release|Any CPU.Deploy.0 = Release|Any CPU
		{0AB8C03D-1FDD-42AA-BE43-FC961A57C31E}.Release|ARM.ActiveCfg = Release|ARM
		{0AB8C03D-1FDD-42AA-BE43-FC961A57C31E}.Release|ARM.Build.0 = Release|ARM
		{0AB8C03D-1FDD-42AA-BE43-FC961A57C31E}.Release|ARM.Deploy.0 = Release|ARM
		{0AB8C03D-1FDD-42AA-BE43-FC961A57C31E}.Release|iPhone.ActiveCfg = Release|Any CPU
		{0AB8C03D-1FDD-42AA-BE43-FC961A57C31E}.Release|iPhone.Build.0 = Release|Any CPU
		{0AB8C03D-1FDD-42AA-BE43-FC961A57C31E}.Release|iPhone.Deploy.0 = Release|Any CPU
		{0AB8C03D-1FDD-42AA-BE43-FC961A57C31E}.Release|iPhoneSimulator.ActiveCfg = Release|Any CPU
		{0AB8C03D-1FDD-42AA-BE43-FC961A57C31E}.Release|iPhoneSimulator.Build.0 = Release|Any CPU
		{0AB8C03D-1FDD-42AA-BE43-FC961A57C31E}.Release|iPhoneSimulator.Deploy.0 = Release|Any CPU
		{0AB8C03D-1FDD-42AA-BE43-FC961A57C31E}.Release|x64.ActiveCfg = Release|x64
		{0AB8C03D-1FDD-42AA-BE43-FC961A57C31E}.Release|x64.Build.0 = Release|x64
		{0AB8C03D-1FDD-42AA-BE43-FC961A57C31E}.Release|x64.Deploy.0 = Release|x64
		{0AB8C03D-1FDD-42AA-BE43-FC961A57C31E}.Release|x86.ActiveCfg = Release|x86
		{0AB8C03D-1FDD-42AA-BE43-FC961A57C31E}.Release|x86.Build.0 = Release|x86
		{0AB8C03D-1FDD-42AA-BE43-FC961A57C31E}.Release|x86.Deploy.0 = Release|x86
		{2D47069F-9FCE-4710-BEF4-EA69839509CB}.Ad-Hoc|Any CPU.ActiveCfg = Release|Any CPU
		{2D47069F-9FCE-4710-BEF4-EA69839509CB}.Ad-Hoc|Any CPU.Build.0 = Release|Any CPU
		{2D47069F-9FCE-4710-BEF4-EA69839509CB}.Ad-Hoc|ARM.ActiveCfg = Release|Any CPU
		{2D47069F-9FCE-4710-BEF4-EA69839509CB}.Ad-Hoc|ARM.Build.0 = Release|Any CPU
		{2D47069F-9FCE-4710-BEF4-EA69839509CB}.Ad-Hoc|iPhone.ActiveCfg = Release|Any CPU
		{2D47069F-9FCE-4710-BEF4-EA69839509CB}.Ad-Hoc|iPhone.Build.0 = Release|Any CPU
		{2D47069F-9FCE-4710-BEF4-EA69839509CB}.Ad-Hoc|iPhoneSimulator.ActiveCfg = Release|Any CPU
		{2D47069F-9FCE-4710-BEF4-EA69839509CB}.Ad-Hoc|iPhoneSimulator.Build.0 = Release|Any CPU
		{2D47069F-9FCE-4710-BEF4-EA69839509CB}.Ad-Hoc|x64.ActiveCfg = Release|Any CPU
		{2D47069F-9FCE-4710-BEF4-EA69839509CB}.Ad-Hoc|x64.Build.0 = Release|Any CPU
		{2D47069F-9FCE-4710-BEF4-EA69839509CB}.Ad-Hoc|x86.ActiveCfg = Release|Any CPU
		{2D47069F-9FCE-4710-BEF4-EA69839509CB}.Ad-Hoc|x86.Build.0 = Release|Any CPU
		{2D47069F-9FCE-4710-BEF4-EA69839509CB}.AppStore|Any CPU.ActiveCfg = Release|Any CPU
		{2D47069F-9FCE-4710-BEF4-EA69839509CB}.AppStore|Any CPU.Build.0 = Release|Any CPU
		{2D47069F-9FCE-4710-BEF4-EA69839509CB}.AppStore|ARM.ActiveCfg = Release|Any CPU
		{2D47069F-9FCE-4710-BEF4-EA69839509CB}.AppStore|ARM.Build.0 = Release|Any CPU
		{2D47069F-9FCE-4710-BEF4-EA69839509CB}.AppStore|iPhone.ActiveCfg = Release|Any CPU
		{2D47069F-9FCE-4710-BEF4-EA69839509CB}.AppStore|iPhone.Build.0 = Release|Any CPU
		{2D47069F-9FCE-4710-BEF4-EA69839509CB}.AppStore|iPhoneSimulator.ActiveCfg = Release|Any CPU
		{2D47069F-9FCE-4710-BEF4-EA69839509CB}.AppStore|iPhoneSimulator.Build.0 = Release|Any CPU
		{2D47069F-9FCE-4710-BEF4-EA69839509CB}.AppStore|x64.ActiveCfg = Release|Any CPU
		{2D47069F-9FCE-4710-BEF4-EA69839509CB}.AppStore|x64.Build.0 = Release|Any CPU
		{2D47069F-9FCE-4710-BEF4-EA69839509CB}.AppStore|x86.ActiveCfg = Release|Any CPU
		{2D47069F-9FCE-4710-BEF4-EA69839509CB}.AppStore|x86.Build.0 = Release|Any CPU
		{2D47069F-9FCE-4710-BEF4-EA69839509CB}.Debug|Any CPU.ActiveCfg = Debug|Any CPU
		{2D47069F-9FCE-4710-BEF4-EA69839509CB}.Debug|Any CPU.Build.0 = Debug|Any CPU
		{2D47069F-9FCE-4710-BEF4-EA69839509CB}.Debug|ARM.ActiveCfg = Debug|Any CPU
		{2D47069F-9FCE-4710-BEF4-EA69839509CB}.Debug|ARM.Build.0 = Debug|Any CPU
		{2D47069F-9FCE-4710-BEF4-EA69839509CB}.Debug|iPhone.ActiveCfg = Debug|Any CPU
		{2D47069F-9FCE-4710-BEF4-EA69839509CB}.Debug|iPhone.Build.0 = Debug|Any CPU
		{2D47069F-9FCE-4710-BEF4-EA69839509CB}.Debug|iPhoneSimulator.ActiveCfg = Debug|Any CPU
		{2D47069F-9FCE-4710-BEF4-EA69839509CB}.Debug|iPhoneSimulator.Build.0 = Debug|Any CPU
		{2D47069F-9FCE-4710-BEF4-EA69839509CB}.Debug|x64.ActiveCfg = Debug|Any CPU
		{2D47069F-9FCE-4710-BEF4-EA69839509CB}.Debug|x64.Build.0 = Debug|Any CPU
		{2D47069F-9FCE-4710-BEF4-EA69839509CB}.Debug|x86.ActiveCfg = Debug|Any CPU
		{2D47069F-9FCE-4710-BEF4-EA69839509CB}.Debug|x86.Build.0 = Debug|Any CPU
		{2D47069F-9FCE-4710-BEF4-EA69839509CB}.Release|Any CPU.ActiveCfg = Release|Any CPU
		{2D47069F-9FCE-4710-BEF4-EA69839509CB}.Release|Any CPU.Build.0 = Release|Any CPU
		{2D47069F-9FCE-4710-BEF4-EA69839509CB}.Release|ARM.ActiveCfg = Release|Any CPU
		{2D47069F-9FCE-4710-BEF4-EA69839509CB}.Release|ARM.Build.0 = Release|Any CPU
		{2D47069F-9FCE-4710-BEF4-EA69839509CB}.Release|iPhone.ActiveCfg = Release|Any CPU
		{2D47069F-9FCE-4710-BEF4-EA69839509CB}.Release|iPhone.Build.0 = Release|Any CPU
		{2D47069F-9FCE-4710-BEF4-EA69839509CB}.Release|iPhoneSimulator.ActiveCfg = Release|Any CPU
		{2D47069F-9FCE-4710-BEF4-EA69839509CB}.Release|iPhoneSimulator.Build.0 = Release|Any CPU
		{2D47069F-9FCE-4710-BEF4-EA69839509CB}.Release|x64.ActiveCfg = Release|Any CPU
		{2D47069F-9FCE-4710-BEF4-EA69839509CB}.Release|x64.Build.0 = Release|Any CPU
		{2D47069F-9FCE-4710-BEF4-EA69839509CB}.Release|x86.ActiveCfg = Release|Any CPU
		{2D47069F-9FCE-4710-BEF4-EA69839509CB}.Release|x86.Build.0 = Release|Any CPU
	EndGlobalSection
	GlobalSection(SolutionProperties) = preSolution
		HideSolutionNode = FALSE
	EndGlobalSection
EndGlobal
